
Microsoft Visual Studio Solution File, Format Version 12.00
# Visual Studio 14
VisualStudioVersion = 14.0.24720.0
MinimumVisualStudioVersion = 10.0.40219.1
Project("{FAE04EC0-301F-11D3-BF4B-00C04F79EFBC}") = "MyCSVReader", "MyCSVReader\MyCSVReader.csproj", "{373C64C4-A10B-435F-86E5-FB9477796AFD}"
EndProject
Project("{FAE04EC0-301F-11D3-BF4B-00C04F79EFBC}") = "CSVReaderTest", "CSVReaderTest\CSVReaderTest.csproj", "{BB7D3FD0-4466-4E3A-9CD6-6C0159180415}"
EndProject
Global
	GlobalSection(SolutionConfigurationPlatforms) = preSolution
		Debug|Any CPU = Debug|Any CPU
		Release|Any CPU = Release|Any CPU
	EndGlobalSection
	GlobalSection(ProjectConfigurationPlatforms) = postSolution
		{373C64C4-A10B-435F-86E5-FB9477796AFD}.Debug|Any CPU.ActiveCfg = Debug|Any CPU
		{373C64C4-A10B-435F-86E5-FB9477796AFD}.Debug|Any CPU.Build.0 = Debug|Any CPU
		{373C64C4-A10B-435F-86E5-FB9477796AFD}.Release|Any CPU.ActiveCfg = Release|Any CPU
		{373C64C4-A10B-435F-86E5-FB9477796AFD}.Release|Any CPU.Build.0 = Release|Any CPU
		{BB7D3FD0-4466-4E3A-9CD6-6C0159180415}.Debug|Any CPU.ActiveCfg = Debug|Any CPU
		{BB7D3FD0-4466-4E3A-9CD6-6C0159180415}.Debug|Any CPU.Build.0 = Debug|Any CPU
		{BB7D3FD0-4466-4E3A-9CD6-6C0159180415}.Release|Any CPU.ActiveCfg = Release|Any CPU
		{BB7D3FD0-4466-4E3A-9CD6-6C0159180415}.Release|Any CPU.Build.0 = Release|Any CPU
	EndGlobalSection
	GlobalSection(SolutionProperties) = preSolution
		HideSolutionNode = FALSE
	EndGlobalSection
EndGlobal
